# THIS IS AN AUTOGENERATED FILE. DO NOT EDIT THIS FILE DIRECTLY.
# yarn lockfile v1


react-native-siam-piwat-indoormap@1.0.1:
  version "1.0.1"
  resolved "https://registry.yarnpkg.com/react-native-siam-piwat-indoormap/-/react-native-siam-piwat-indoormap-1.0.1.tgz#04308eb60a809998dc755b2b8dafc3a607376772"
  integrity sha512-z/Tlvb+oO9uXMz7Dok/S2cCzejldKc8qpsOrTZR8qbFc8KvtvrWy95wknj3lZiC2SBJuWo0ROYXEoNnJHTGtEA==
